
Microsoft Visual Studio Solution File, Format Version 12.00
# Visual Studio Version 16
VisualStudioVersion = 16.0.30128.74
MinimumVisualStudioVersion = 10.0.40219.1
Project("{9A19103F-16F7-4668-BE54-9A1E7A4F7556}") = "backendproject", "backendproject\backendproject.csproj", "{C538FF4B-D404-4BF8-B21F-5EFAC26BB61F}"
EndProject
Global
	GlobalSection(SolutionConfigurationPlatforms) = preSolution
		Debug|Any CPU = Debug|Any CPU
		Release|Any CPU = Release|Any CPU
	EndGlobalSection
	GlobalSection(ProjectConfigurationPlatforms) = postSolution
		{C538FF4B-D404-4BF8-B21F-5EFAC26BB61F}.Debug|Any CPU.ActiveCfg = Debug|Any CPU
		{C538FF4B-D404-4BF8-B21F-5EFAC26BB61F}.Debug|Any CPU.Build.0 = Debug|Any CPU
		{C538FF4B-D404-4BF8-B21F-5EFAC26BB61F}.Release|Any CPU.ActiveCfg = Release|Any CPU
		{C538FF4B-D404-4BF8-B21F-5EFAC26BB61F}.Release|Any CPU.Build.0 = Release|Any CPU
	EndGlobalSection
	GlobalSection(SolutionProperties) = preSolution
		HideSolutionNode = FALSE
	EndGlobalSection
	GlobalSection(ExtensibilityGlobals) = postSolution
		SolutionGuid = {EBCDAF5C-7FC1-4AF1-9C6C-B3A0E83791F3}
	EndGlobalSection
EndGlobal
